{
  "version": 2,
  "dependencies": {
    "net10.0": {
      "ivicli.application": {
        "type": "Project",
        "dependencies": {
          "IviCli.Domain": "[1.0.0, )",
          "Microsoft.Extensions.DependencyInjection.Abstractions": "[9.0.11, )"
        }
      },
      "ivicli.backends.fake": {
        "type": "Project",
        "dependencies": {
          "IviCli.Application": "[1.0.0, )"
        }
      },
      "ivicli.backends.local": {
        "type": "Project",
        "dependencies": {
          "IviCli.Application": "[1.0.0, )"
        }
      },
      "ivicli.domain": {
        "type": "Project"
      },
      "ivicli.infrastructure": {
        "type": "Project",
        "dependencies": {
          "IviCli.Application": "[1.0.0, )"
        }
      },
      "Microsoft.Extensions.DependencyInjection.Abstractions": {
        "type": "CentralTransitive",
        "requested": "[9.0.11, )",
        "resolved": "9.0.11",
        "contentHash": "+ZxxZzcVU+IEzq12GItUzf/V3mEc5nSLiXijwvDc4zyhbjvSZZ043giSZqGnhakrjwRWjkerIHPrRwm9okEIpw=="
      }
    }
  }
}